
Microsoft Visual Studio Solution File, Format Version 12.00
# Visual Studio 15
VisualStudioVersion = 15.0.28307.1169
MinimumVisualStudioVersion = 10.0.40219.1
Project("{8BC9CEB8-8B4A-11D0-8D11-00A0C91BC942}") = "CPP_Network", "CPP_Network\CPP_Network.vcxproj", "{68F2434D-20A7-40CB-84F4-7773843009EA}"
EndProject
Global
	GlobalSection(SolutionConfigurationPlatforms) = preSolution
		Debug|x64 = Debug|x64
		Debug|x86 = Debug|x86
		Release|x64 = Release|x64
		Release|x86 = Release|x86
	EndGlobalSection
	GlobalSection(ProjectConfigurationPlatforms) = postSolution
		{68F2434D-20A7-40CB-84F4-7773843009EA}.Debug|x64.ActiveCfg = Debug|x64
		{68F2434D-20A7-40CB-84F4-7773843009EA}.Debug|x64.Build.0 = Debug|x64
		{68F2434D-20A7-40CB-84F4-7773843009EA}.Debug|x86.ActiveCfg = Debug|Win32
		{68F2434D-20A7-40CB-84F4-7773843009EA}.Debug|x86.Build.0 = Debug|Win32
		{68F2434D-20A7-40CB-84F4-7773843009EA}.Release|x64.ActiveCfg = Release|x64
		{68F2434D-20A7-40CB-84F4-7773843009EA}.Release|x64.Build.0 = Release|x64
		{68F2434D-20A7-40CB-84F4-7773843009EA}.Release|x86.ActiveCfg = Release|Win32
		{68F2434D-20A7-40CB-84F4-7773843009EA}.Release|x86.Build.0 = Release|Win32
	EndGlobalSection
	GlobalSection(SolutionProperties) = preSolution
		HideSolutionNode = FALSE
	EndGlobalSection
	GlobalSection(ExtensibilityGlobals) = postSolution
		SolutionGuid = {6DDCAFB8-B846-4363-AD80-D18118BE0AA7}
	EndGlobalSection
EndGlobal
